// !$*UTF8*$!
{
	archiveVersion = 1;
	classes = {
	};
	objectVersion = 50;
	objects = {

/* Begin PBXBuildFile section */
		A6AFDC129C98A09BBBA95DB4 /* libPods-VideoPlayer.a in Frameworks */ = {isa = PBXBuildFile; fileRef = DCBE92CBCEF5DE2848A33E19 /* libPods-VideoPlayer.a */; };
		ECF7589F21D621AE0040F6F3 /* AppDelegate.m in Sources */ = {isa = PBXBuildFile; fileRef = ECF7589E21D621AE0040F6F3 /* AppDelegate.m */; };
		ECF758A221D621AE0040F6F3 /* ViewController.m in Sources */ = {isa = PBXBuildFile; fileRef = ECF758A121D621AE0040F6F3 /* ViewController.m */; };
		ECF758A521D621AE0040F6F3 /* Main.storyboard in Resources */ = {isa = PBXBuildFile; fileRef = ECF758A321D621AE0040F6F3 /* Main.storyboard */; };
		ECF758A721D621AF0040F6F3 /* Assets.xcassets in Resources */ = {isa = PBXBuildFile; fileRef = ECF758A621D621AF0040F6F3 /* Assets.xcassets */; };
		ECF758AA21D621AF0040F6F3 /* LaunchScreen.storyboard in Resources */ = {isa = PBXBuildFile; fileRef = ECF758A821D621AF0040F6F3 /* LaunchScreen.storyboard */; };
		ECF758AD21D621AF0040F6F3 /* main.m in Sources */ = {isa = PBXBuildFile; fileRef = ECF758AC21D621AF0040F6F3 /* main.m */; };
		ECF758B721D621AF0040F6F3 /* VideoPlayerTests.m in Sources */ = {isa = PBXBuildFile; fileRef = ECF758B621D621AF0040F6F3 /* VideoPlayerTests.m */; };
		ECF758C221D621AF0040F6F3 /* VideoPlayerUITests.m in Sources */ = {isa = PBXBuildFile; fileRef = ECF758C121D621AF0040F6F3 /* VideoPlayerUITests.m */; };
		ECF758D121D623B50040F6F3 /* ZFCollectionViewCell.m in Sources */ = {isa = PBXBuildFile; fileRef = ECF758CF21D623B50040F6F3 /* ZFCollectionViewCell.m */; };
		ECF758D521D623CA0040F6F3 /* data.json in Resources */ = {isa = PBXBuildFile; fileRef = ECF758D221D623CA0040F6F3 /* data.json */; };
		ECF758D621D623CA0040F6F3 /* ZFTableData.m in Sources */ = {isa = PBXBuildFile; fileRef = ECF758D421D623CA0040F6F3 /* ZFTableData.m */; };
		ECF758D821D6257A0040F6F3 /* CoreGraphics.framework in Frameworks */ = {isa = PBXBuildFile; fileRef = ECF758D721D6257A0040F6F3 /* CoreGraphics.framework */; };
		ECF758DA21D625820040F6F3 /* UIKit.framework in Frameworks */ = {isa = PBXBuildFile; fileRef = ECF758D921D625820040F6F3 /* UIKit.framework */; };
		ECF758DC21D6258B0040F6F3 /* Foundation.framework in Frameworks */ = {isa = PBXBuildFile; fileRef = ECF758DB21D6258A0040F6F3 /* Foundation.framework */; };
/* End PBXBuildFile section */

/* Begin PBXContainerItemProxy section */
		ECF758B321D621AF0040F6F3 /* PBXContainerItemProxy */ = {
			isa = PBXContainerItemProxy;
			containerPortal = ECF7589221D621AE0040F6F3 /* Project object */;
			proxyType = 1;
			remoteGlobalIDString = ECF7589921D621AE0040F6F3;
			remoteInfo = VideoPlayer;
		};
		ECF758BE21D621AF0040F6F3 /* PBXContainerItemProxy */ = {
			isa = PBXContainerItemProxy;
			containerPortal = ECF7589221D621AE0040F6F3 /* Project object */;
			proxyType = 1;
			remoteGlobalIDString = ECF7589921D621AE0040F6F3;
			remoteInfo = VideoPlayer;
		};
/* End PBXContainerItemProxy section */

/* Begin PBXFileReference section */
		DCBE92CBCEF5DE2848A33E19 /* libPods-VideoPlayer.a */ = {isa = PBXFileReference; explicitFileType = archive.ar; includeInIndex = 0; path = "libPods-VideoPlayer.a"; sourceTree = BUILT_PRODUCTS_DIR; };
		E8A7B301B441F857AF2FB3E2 /* Pods-VideoPlayer.debug.xcconfig */ = {isa = PBXFileReference; includeInIndex = 1; lastKnownFileType = text.xcconfig; name = "Pods-VideoPlayer.debug.xcconfig"; path = "Pods/Target Support Files/Pods-VideoPlayer/Pods-VideoPlayer.debug.xcconfig"; sourceTree = "<group>"; };
		ECF7589A21D621AE0040F6F3 /* VideoPlayer.app */ = {isa = PBXFileReference; explicitFileType = wrapper.application; includeInIndex = 0; path = VideoPlayer.app; sourceTree = BUILT_PRODUCTS_DIR; };
		ECF7589D21D621AE0040F6F3 /* AppDelegate.h */ = {isa = PBXFileReference; lastKnownFileType = sourcecode.c.h; path = AppDelegate.h; sourceTree = "<group>"; };
		ECF7589E21D621AE0040F6F3 /* AppDelegate.m */ = {isa = PBXFileReference; lastKnownFileType = sourcecode.c.objc; path = AppDelegate.m; sourceTree = "<group>"; };
		ECF758A021D621AE0040F6F3 /* ViewController.h */ = {isa = PBXFileReference; lastKnownFileType = sourcecode.c.h; path = ViewController.h; sourceTree = "<group>"; };
		ECF758A121D621AE0040F6F3 /* ViewController.m */ = {isa = PBXFileReference; lastKnownFileType = sourcecode.c.objc; path = ViewController.m; sourceTree = "<group>"; };
		ECF758A421D621AE0040F6F3 /* Base */ = {isa = PBXFileReference; lastKnownFileType = file.storyboard; name = Base; path = Base.lproj/Main.storyboard; sourceTree = "<group>"; };
		ECF758A621D621AF0040F6F3 /* Assets.xcassets */ = {isa = PBXFileReference; lastKnownFileType = folder.assetcatalog; path = Assets.xcassets; sourceTree = "<group>"; };
		ECF758A921D621AF0040F6F3 /* Base */ = {isa = PBXFileReference; lastKnownFileType = file.storyboard; name = Base; path = Base.lproj/LaunchScreen.storyboard; sourceTree = "<group>"; };
		ECF758AB21D621AF0040F6F3 /* Info.plist */ = {isa = PBXFileReference; lastKnownFileType = text.plist.xml; path = Info.plist; sourceTree = "<group>"; };
		ECF758AC21D621AF0040F6F3 /* main.m */ = {isa = PBXFileReference; lastKnownFileType = sourcecode.c.objc; path = main.m; sourceTree = "<group>"; };
		ECF758B221D621AF0040F6F3 /* VideoPlayerTests.xctest */ = {isa = PBXFileReference; explicitFileType = wrapper.cfbundle; includeInIndex = 0; path = VideoPlayerTests.xctest; sourceTree = BUILT_PRODUCTS_DIR; };
		ECF758B621D621AF0040F6F3 /* VideoPlayerTests.m */ = {isa = PBXFileReference; lastKnownFileType = sourcecode.c.objc; path = VideoPlayerTests.m; sourceTree = "<group>"; };
		ECF758B821D621AF0040F6F3 /* Info.plist */ = {isa = PBXFileReference; lastKnownFileType = text.plist.xml; path = Info.plist; sourceTree = "<group>"; };
		ECF758BD21D621AF0040F6F3 /* VideoPlayerUITests.xctest */ = {isa = PBXFileReference; explicitFileType = wrapper.cfbundle; includeInIndex = 0; path = VideoPlayerUITests.xctest; sourceTree = BUILT_PRODUCTS_DIR; };
		ECF758C121D621AF0040F6F3 /* VideoPlayerUITests.m */ = {isa = PBXFileReference; lastKnownFileType = sourcecode.c.objc; path = VideoPlayerUITests.m; sourceTree = "<group>"; };
		ECF758C321D621AF0040F6F3 /* Info.plist */ = {isa = PBXFileReference; lastKnownFileType = text.plist.xml; path = Info.plist; sourceTree = "<group>"; };
		ECF758CF21D623B50040F6F3 /* ZFCollectionViewCell.m */ = {isa = PBXFileReference; fileEncoding = 4; lastKnownFileType = sourcecode.c.objc; path = ZFCollectionViewCell.m; sourceTree = "<group>"; };
		ECF758D021D623B50040F6F3 /* ZFCollectionViewCell.h */ = {isa = PBXFileReference; fileEncoding = 4; lastKnownFileType = sourcecode.c.h; path = ZFCollectionViewCell.h; sourceTree = "<group>"; };
		ECF758D221D623CA0040F6F3 /* data.json */ = {isa = PBXFileReference; fileEncoding = 4; lastKnownFileType = text.json; path = data.json; sourceTree = "<group>"; };
		ECF758D321D623CA0040F6F3 /* ZFTableData.h */ = {isa = PBXFileReference; fileEncoding = 4; lastKnownFileType = sourcecode.c.h; path = ZFTableData.h; sourceTree = "<group>"; };
		ECF758D421D623CA0040F6F3 /* ZFTableData.m */ = {isa = PBXFileReference; fileEncoding = 4; lastKnownFileType = sourcecode.c.objc; path = ZFTableData.m; sourceTree = "<group>"; };
		ECF758D721D6257A0040F6F3 /* CoreGraphics.framework */ = {isa = PBXFileReference; lastKnownFileType = wrapper.framework; name = CoreGraphics.framework; path = System/Library/Frameworks/CoreGraphics.framework; sourceTree = SDKROOT; };
		ECF758D921D625820040F6F3 /* UIKit.framework */ = {isa = PBXFileReference; lastKnownFileType = wrapper.framework; name = UIKit.framework; path = System/Library/Frameworks/UIKit.framework; sourceTree = SDKROOT; };
		ECF758DB21D6258A0040F6F3 /* Foundation.framework */ = {isa = PBXFileReference; lastKnownFileType = wrapper.framework; name = Foundation.framework; path = System/Library/Frameworks/Foundation.framework; sourceTree = SDKROOT; };
		FAF8D18C6CD29C4BC532AB7F /* Pods-VideoPlayer.release.xcconfig */ = {isa = PBXFileReference; includeInIndex = 1; lastKnownFileType = text.xcconfig; name = "Pods-VideoPlayer.release.xcconfig"; path = "Pods/Target Support Files/Pods-VideoPlayer/Pods-VideoPlayer.release.xcconfig"; sourceTree = "<group>"; };
/* End PBXFileReference section */

/* Begin PBXFrameworksBuildPhase section */
		ECF7589721D621AE0040F6F3 /* Frameworks */ = {
			isa = PBXFrameworksBuildPhase;
			buildActionMask = 2147483647;
			files = (
				ECF758DC21D6258B0040F6F3 /* Foundation.framework in Frameworks */,
				ECF758DA21D625820040F6F3 /* UIKit.framework in Frameworks */,
				ECF758D821D6257A0040F6F3 /* CoreGraphics.framework in Frameworks */,
				A6AFDC129C98A09BBBA95DB4 /* libPods-VideoPlayer.a in Frameworks */,
			);
			runOnlyForDeploymentPostprocessing = 0;
		};
		ECF758AF21D621AF0040F6F3 /* Frameworks */ = {
			isa = PBXFrameworksBuildPhase;
			buildActionMask = 2147483647;
			files = (
			);
			runOnlyForDeploymentPostprocessing = 0;
		};
		ECF758BA21D621AF0040F6F3 /* Frameworks */ = {
			isa = PBXFrameworksBuildPhase;
			buildActionMask = 2147483647;
			files = (
			);
			runOnlyForDeploymentPostprocessing = 0;
		};
/* End PBXFrameworksBuildPhase section */

/* Begin PBXGroup section */
		3B8C0F63C445C6ED096CDAD7 /* Pods */ = {
			isa = PBXGroup;
			children = (
				E8A7B301B441F857AF2FB3E2 /* Pods-VideoPlayer.debug.xcconfig */,
				FAF8D18C6CD29C4BC532AB7F /* Pods-VideoPlayer.release.xcconfig */,
			);
			name = Pods;
			sourceTree = "<group>";
		};
		E0BBAD175F8A395E801D480F /* Frameworks */ = {
			isa = PBXGroup;
			children = (
				ECF758DB21D6258A0040F6F3 /* Foundation.framework */,
				ECF758D921D625820040F6F3 /* UIKit.framework */,
				ECF758D721D6257A0040F6F3 /* CoreGraphics.framework */,
				DCBE92CBCEF5DE2848A33E19 /* libPods-VideoPlayer.a */,
			);
			name = Frameworks;
			sourceTree = "<group>";
		};
		ECF7589121D621AE0040F6F3 = {
			isa = PBXGroup;
			children = (
				ECF7589C21D621AE0040F6F3 /* VideoPlayer */,
				ECF758B521D621AF0040F6F3 /* VideoPlayerTests */,
				ECF758C021D621AF0040F6F3 /* VideoPlayerUITests */,
				ECF7589B21D621AE0040F6F3 /* Products */,
				3B8C0F63C445C6ED096CDAD7 /* Pods */,
				E0BBAD175F8A395E801D480F /* Frameworks */,
			);
			sourceTree = "<group>";
		};
		ECF7589B21D621AE0040F6F3 /* Products */ = {
			isa = PBXGroup;
			children = (
				ECF7589A21D621AE0040F6F3 /* VideoPlayer.app */,
				ECF758B221D621AF0040F6F3 /* VideoPlayerTests.xctest */,
				ECF758BD21D621AF0040F6F3 /* VideoPlayerUITests.xctest */,
			);
			name = Products;
			sourceTree = "<group>";
		};
		ECF7589C21D621AE0040F6F3 /* VideoPlayer */ = {
			isa = PBXGroup;
			children = (
				ECF7589D21D621AE0040F6F3 /* AppDelegate.h */,
				ECF7589E21D621AE0040F6F3 /* AppDelegate.m */,
				ECF758A021D621AE0040F6F3 /* ViewController.h */,
				ECF758A121D621AE0040F6F3 /* ViewController.m */,
				ECF758D021D623B50040F6F3 /* ZFCollectionViewCell.h */,
				ECF758CF21D623B50040F6F3 /* ZFCollectionViewCell.m */,
				ECF758D221D623CA0040F6F3 /* data.json */,
				ECF758D321D623CA0040F6F3 /* ZFTableData.h */,
				ECF758D421D623CA0040F6F3 /* ZFTableData.m */,
				ECF758A321D621AE0040F6F3 /* Main.storyboard */,
				ECF758A621D621AF0040F6F3 /* Assets.xcassets */,
				ECF758A821D621AF0040F6F3 /* LaunchScreen.storyboard */,
				ECF758AB21D621AF0040F6F3 /* Info.plist */,
				ECF758AC21D621AF0040F6F3 /* main.m */,
			);
			path = VideoPlayer;
			sourceTree = "<group>";
		};
		ECF758B521D621AF0040F6F3 /* VideoPlayerTests */ = {
			isa = PBXGroup;
			children = (
				ECF758B621D621AF0040F6F3 /* VideoPlayerTests.m */,
				ECF758B821D621AF0040F6F3 /* Info.plist */,
			);
			path = VideoPlayerTests;
			sourceTree = "<group>";
		};
		ECF758C021D621AF0040F6F3 /* VideoPlayerUITests */ = {
			isa = PBXGroup;
			children = (
				ECF758C121D621AF0040F6F3 /* VideoPlayerUITests.m */,
				ECF758C321D621AF0040F6F3 /* Info.plist */,
			);
			path = VideoPlayerUITests;
			sourceTree = "<group>";
		};
/* End PBXGroup section */

/* Begin PBXNativeTarget section */
		ECF7589921D621AE0040F6F3 /* VideoPlayer */ = {
			isa = PBXNativeTarget;
			buildConfigurationList = ECF758C621D621AF0040F6F3 /* Build configuration list for PBXNativeTarget "VideoPlayer" */;
			buildPhases = (
				A0ED7EFBF1F1291CE0E30232 /* [CP] Check Pods Manifest.lock */,
				ECF7589621D621AE0040F6F3 /* Sources */,
				ECF7589721D621AE0040F6F3 /* Frameworks */,
				ECF7589821D621AE0040F6F3 /* Resources */,
				CD572C69704ED38E7B25E3D3 /* [CP] Copy Pods Resources */,
			);
			buildRules = (
			);
			dependencies = (
			);
			name = VideoPlayer;
			productName = VideoPlayer;
			productReference = ECF7589A21D621AE0040F6F3 /* VideoPlayer.app */;
			productType = "com.apple.product-type.application";
		};
		ECF758B121D621AF0040F6F3 /* VideoPlayerTests */ = {
			isa = PBXNativeTarget;
			buildConfigurationList = ECF758C921D621AF0040F6F3 /* Build configuration list for PBXNativeTarget "VideoPlayerTests" */;
			buildPhases = (
				ECF758AE21D621AF0040F6F3 /* Sources */,
				ECF758AF21D621AF0040F6F3 /* Frameworks */,
				ECF758B021D621AF0040F6F3 /* Resources */,
			);
			buildRules = (
			);
			dependencies = (
				ECF758B421D621AF0040F6F3 /* PBXTargetDependency */,
			);
			name = VideoPlayerTests;
			productName = VideoPlayerTests;
			productReference = ECF758B221D621AF0040F6F3 /* VideoPlayerTests.xctest */;
			productType = "com.apple.product-type.bundle.unit-test";
		};
		ECF758BC21D621AF0040F6F3 /* VideoPlayerUITests */ = {
			isa = PBXNativeTarget;
			buildConfigurationList = ECF758CC21D621AF0040F6F3 /* Build configuration list for PBXNativeTarget "VideoPlayerUITests" */;
			buildPhases = (
				ECF758B921D621AF0040F6F3 /* Sources */,
				ECF758BA21D621AF0040F6F3 /* Frameworks */,
				ECF758BB21D621AF0040F6F3 /* Resources */,
			);
			buildRules = (
			);
			dependencies = (
				ECF758BF21D621AF0040F6F3 /* PBXTargetDependency */,
			);
			name = VideoPlayerUITests;
			productName = VideoPlayerUITests;
			productReference = ECF758BD21D621AF0040F6F3 /* VideoPlayerUITests.xctest */;
			productType = "com.apple.product-type.bundle.ui-testing";
		};
/* End PBXNativeTarget section */

/* Begin PBXProject section */
		ECF7589221D621AE0040F6F3 /* Project object */ = {
			isa = PBXProject;
			attributes = {
				LastUpgradeCheck = 1010;
				ORGANIZATIONNAME = yf;
				TargetAttributes = {
					ECF7589921D621AE0040F6F3 = {
						CreatedOnToolsVersion = 10.1;
					};
					ECF758B121D621AF0040F6F3 = {
						CreatedOnToolsVersion = 10.1;
						TestTargetID = ECF7589921D621AE0040F6F3;
					};
					ECF758BC21D621AF0040F6F3 = {
						CreatedOnToolsVersion = 10.1;
						TestTargetID = ECF7589921D621AE0040F6F3;
					};
				};
			};
			buildConfigurationList = ECF7589521D621AE0040F6F3 /* Build configuration list for PBXProject "VideoPlayer" */;
			compatibilityVersion = "Xcode 9.3";
			developmentRegion = en;
			hasScannedForEncodings = 0;
			knownRegions = (
				en,
				Base,
			);
			mainGroup = ECF7589121D621AE0040F6F3;
			productRefGroup = ECF7589B21D621AE0040F6F3 /* Products */;
			projectDirPath = "";
			projectRoot = "";
			targets = (
				ECF7589921D621AE0040F6F3 /* VideoPlayer */,
				ECF758B121D621AF0040F6F3 /* VideoPlayerTests */,
				ECF758BC21D621AF0040F6F3 /* VideoPlayerUITests */,
			);
		};
/* End PBXProject section */

/* Begin PBXResourcesBuildPhase section */
		ECF7589821D621AE0040F6F3 /* Resources */ = {
			isa = PBXResourcesBuildPhase;
			buildActionMask = 2147483647;
			files = (
				ECF758AA21D621AF0040F6F3 /* LaunchScreen.storyboard in Resources */,
				ECF758A721D621AF0040F6F3 /* Assets.xcassets in Resources */,
				ECF758A521D621AE0040F6F3 /* Main.storyboard in Resources */,
				ECF758D521D623CA0040F6F3 /* data.json in Resources */,
			);
			runOnlyForDeploymentPostprocessing = 0;
		};
		ECF758B021D621AF0040F6F3 /* Resources */ = {
			isa = PBXResourcesBuildPhase;
			buildActionMask = 2147483647;
			files = (
			);
			runOnlyForDeploymentPostprocessing = 0;
		};
		ECF758BB21D621AF0040F6F3 /* Resources */ = {
			isa = PBXResourcesBuildPhase;
			buildActionMask = 2147483647;
			files = (
			);
			runOnlyForDeploymentPostprocessing = 0;
		};
/* End PBXResourcesBuildPhase section */

/* Begin PBXShellScriptBuildPhase section */
		A0ED7EFBF1F1291CE0E30232 /* [CP] Check Pods Manifest.lock */ = {
			isa = PBXShellScriptBuildPhase;
			buildActionMask = 2147483647;
			files = (
			);
			inputPaths = (
				"${PODS_PODFILE_DIR_PATH}/Podfile.lock",
				"${PODS_ROOT}/Manifest.lock",
			);
			name = "[CP] Check Pods Manifest.lock";
			outputPaths = (
				"$(DERIVED_FILE_DIR)/Pods-VideoPlayer-checkManifestLockResult.txt",
			);
			runOnlyForDeploymentPostprocessing = 0;
			shellPath = /bin/sh;
			shellScript = "diff \"${PODS_PODFILE_DIR_PATH}/Podfile.lock\" \"${PODS_ROOT}/Manifest.lock\" > /dev/null\nif [ $? != 0 ] ; then\n    # print error to STDERR\n    echo \"error: The sandbox is not in sync with the Podfile.lock. Run 'pod install' or update your CocoaPods installation.\" >&2\n    exit 1\nfi\n# This output is used by Xcode 'outputs' to avoid re-running this script phase.\necho \"SUCCESS\" > \"${SCRIPT_OUTPUT_FILE_0}\"\n";
			showEnvVarsInLog = 0;
		};
		CD572C69704ED38E7B25E3D3 /* [CP] Copy Pods Resources */ = {
			isa = PBXShellScriptBuildPhase;
			buildActionMask = 2147483647;
			files = (
			);
			inputPaths = (
				"${SRCROOT}/Pods/Target Support Files/Pods-VideoPlayer/Pods-VideoPlayer-resources.sh",
				"${PODS_ROOT}/ZFPlayer/ZFPlayer/Classes/ControlView/ZFPlayer.bundle",
			);
			name = "[CP] Copy Pods Resources";
			outputPaths = (
				"${TARGET_BUILD_DIR}/${UNLOCALIZED_RESOURCES_FOLDER_PATH}/ZFPlayer.bundle",
			);
			runOnlyForDeploymentPostprocessing = 0;
			shellPath = /bin/sh;
			shellScript = "\"${SRCROOT}/Pods/Target Support Files/Pods-VideoPlayer/Pods-VideoPlayer-resources.sh\"\n";
			showEnvVarsInLog = 0;
		};
/* End PBXShellScriptBuildPhase section */

/* Begin PBXSourcesBuildPhase section */
		ECF7589621D621AE0040F6F3 /* Sources */ = {
			isa = PBXSourcesBuildPhase;
			buildActionMask = 2147483647;
			files = (
				ECF758D121D623B50040F6F3 /* ZFCollectionViewCell.m in Sources */,
				ECF758A221D621AE0040F6F3 /* ViewController.m in Sources */,
				ECF758D621D623CA0040F6F3 /* ZFTableData.m in Sources */,
				ECF758AD21D621AF0040F6F3 /* main.m in Sources */,
				ECF7589F21D621AE0040F6F3 /* AppDelegate.m in Sources */,
			);
			runOnlyForDeploymentPostprocessing = 0;
		};
		ECF758AE21D621AF0040F6F3 /* Sources */ = {
			isa = PBXSourcesBuildPhase;
			buildActionMask = 2147483647;
			files = (
				ECF758B721D621AF0040F6F3 /* VideoPlayerTests.m in Sources */,
			);
			runOnlyForDeploymentPostprocessing = 0;
		};
		ECF758B921D621AF0040F6F3 /* Sources */ = {
			isa = PBXSourcesBuildPhase;
			buildActionMask = 2147483647;
			files = (
				ECF758C221D621AF0040F6F3 /* VideoPlayerUITests.m in Sources */,
			);
			runOnlyForDeploymentPostprocessing = 0;
		};
/* End PBXSourcesBuildPhase section */

/* Begin PBXTargetDependency section */
		ECF758B421D621AF0040F6F3 /* PBXTargetDependency */ = {
			isa = PBXTargetDependency;
			target = ECF7589921D621AE0040F6F3 /* VideoPlayer */;
			targetProxy = ECF758B321D621AF0040F6F3 /* PBXContainerItemProxy */;
		};
		ECF758BF21D621AF0040F6F3 /* PBXTargetDependency */ = {
			isa = PBXTargetDependency;
			target = ECF7589921D621AE0040F6F3 /* VideoPlayer */;
			targetProxy = ECF758BE21D621AF0040F6F3 /* PBXContainerItemProxy */;
		};
/* End PBXTargetDependency section */

/* Begin PBXVariantGroup section */
		ECF758A321D621AE0040F6F3 /* Main.storyboard */ = {
			isa = PBXVariantGroup;
			children = (
				ECF758A421D621AE0040F6F3 /* Base */,
			);
			name = Main.storyboard;
			sourceTree = "<group>";
		};
		ECF758A821D621AF0040F6F3 /* LaunchScreen.storyboard */ = {
			isa = PBXVariantGroup;
			children = (
				ECF758A921D621AF0040F6F3 /* Base */,
			);
			name = LaunchScreen.storyboard;
			sourceTree = "<group>";
		};
/* End PBXVariantGroup section */

/* Begin XCBuildConfiguration section */
		ECF758C421D621AF0040F6F3 /* Debug */ = {
			isa = XCBuildConfiguration;
			buildSettings = {
				ALWAYS_SEARCH_USER_PATHS = NO;
				CLANG_ANALYZER_NONNULL = YES;
				CLANG_ANALYZER_NUMBER_OBJECT_CONVERSION = YES_AGGRESSIVE;
				CLANG_CXX_LANGUAGE_STANDARD = "gnu++14";
				CLANG_CXX_LIBRARY = "libc++";
				CLANG_ENABLE_MODULES = YES;
				CLANG_ENABLE_OBJC_ARC = YES;
				CLANG_ENABLE_OBJC_WEAK = YES;
				CLANG_WARN_BLOCK_CAPTURE_AUTORELEASING = YES;
				CLANG_WARN_BOOL_CONVERSION = YES;
				CLANG_WARN_COMMA = YES;
				CLANG_WARN_CONSTANT_CONVERSION = YES;
				CLANG_WARN_DEPRECATED_OBJC_IMPLEMENTATIONS = YES;
				CLANG_WARN_DIRECT_OBJC_ISA_USAGE = YES_ERROR;
				CLANG_WARN_DOCUMENTATION_COMMENTS = YES;
				CLANG_WARN_EMPTY_BODY = YES;
				CLANG_WARN_ENUM_CONVERSION = YES;
				CLANG_WARN_INFINITE_RECURSION = YES;
				CLANG_WARN_INT_CONVERSION = YES;
				CLANG_WARN_NON_LITERAL_NULL_CONVERSION = YES;
				CLANG_WARN_OBJC_IMPLICIT_RETAIN_SELF = YES;
				CLANG_WARN_OBJC_LITERAL_CONVERSION = YES;
				CLANG_WARN_OBJC_ROOT_CLASS = YES_ERROR;
				CLANG_WARN_RANGE_LOOP_ANALYSIS = YES;
				CLANG_WARN_STRICT_PROTOTYPES = YES;
				CLANG_WARN_SUSPICIOUS_MOVE = YES;
				CLANG_WARN_UNGUARDED_AVAILABILITY = YES_AGGRESSIVE;
				CLANG_WARN_UNREACHABLE_CODE = YES;
				CLANG_WARN__DUPLICATE_METHOD_MATCH = YES;
				CODE_SIGN_IDENTITY = "iPhone Developer";
				COPY_PHASE_STRIP = NO;
				DEBUG_INFORMATION_FORMAT = dwarf;
				ENABLE_STRICT_OBJC_MSGSEND = YES;
				ENABLE_TESTABILITY = YES;
				GCC_C_LANGUAGE_STANDARD = gnu11;
				GCC_DYNAMIC_NO_PIC = NO;
				GCC_NO_COMMON_BLOCKS = YES;
				GCC_OPTIMIZATION_LEVEL = 0;
				GCC_PREPROCESSOR_DEFINITIONS = (
					"DEBUG=1",
					"$(inherited)",
				);
				GCC_WARN_64_TO_32_BIT_CONVERSION = YES;
				GCC_WARN_ABOUT_RETURN_TYPE = YES_ERROR;
				GCC_WARN_UNDECLARED_SELECTOR = YES;
				GCC_WARN_UNINITIALIZED_AUTOS = YES_AGGRESSIVE;
				GCC_WARN_UNUSED_FUNCTION = YES;
				GCC_WARN_UNUSED_VARIABLE = YES;
				IPHONEOS_DEPLOYMENT_TARGET = 12.1;
				MTL_ENABLE_DEBUG_INFO = INCLUDE_SOURCE;
				MTL_FAST_MATH = YES;
				ONLY_ACTIVE_ARCH = YES;
				SDKROOT = iphoneos;
			};
			name = Debug;
		};
		ECF758C521D621AF0040F6F3 /* Release */ = {
			isa = XCBuildConfiguration;
			buildSettings = {
				ALWAYS_SEARCH_USER_PATHS = NO;
				CLANG_ANALYZER_NONNULL = YES;
				CLANG_ANALYZER_NUMBER_OBJECT_CONVERSION = YES_AGGRESSIVE;
				CLANG_CXX_LANGUAGE_STANDARD = "gnu++14";
				CLANG_CXX_LIBRARY = "libc++";
				CLANG_ENABLE_MODULES = YES;
				CLANG_ENABLE_OBJC_ARC = YES;
				CLANG_ENABLE_OBJC_WEAK = YES;
				CLANG_WARN_BLOCK_CAPTURE_AUTORELEASING = YES;
				CLANG_WARN_BOOL_CONVERSION = YES;
				CLANG_WARN_COMMA = YES;
				CLANG_WARN_CONSTANT_CONVERSION = YES;
				CLANG_WARN_DEPRECATED_OBJC_IMPLEMENTATIONS = YES;
				CLANG_WARN_DIRECT_OBJC_ISA_USAGE = YES_ERROR;
				CLANG_WARN_DOCUMENTATION_COMMENTS = YES;
				CLANG_WARN_EMPTY_BODY = YES;
				CLANG_WARN_ENUM_CONVERSION = YES;
				CLANG_WARN_INFINITE_RECURSION = YES;
				CLANG_WARN_INT_CONVERSION = YES;
				CLANG_WARN_NON_LITERAL_NULL_CONVERSION = YES;
				CLANG_WARN_OBJC_IMPLICIT_RETAIN_SELF = YES;
				CLANG_WARN_OBJC_LITERAL_CONVERSION = YES;
				CLANG_WARN_OBJC_ROOT_CLASS = YES_ERROR;
				CLANG_WARN_RANGE_LOOP_ANALYSIS = YES;
				CLANG_WARN_STRICT_PROTOTYPES = YES;
				CLANG_WARN_SUSPICIOUS_MOVE = YES;
				CLANG_WARN_UNGUARDED_AVAILABILITY = YES_AGGRESSIVE;
				CLANG_WARN_UNREACHABLE_CODE = YES;
				CLANG_WARN__DUPLICATE_METHOD_MATCH = YES;
				CODE_SIGN_IDENTITY = "iPhone Developer";
				COPY_PHASE_STRIP = NO;
				DEBUG_INFORMATION_FORMAT = "dwarf-with-dsym";
				ENABLE_NS_ASSERTIONS = NO;
				ENABLE_STRICT_OBJC_MSGSEND = YES;
				GCC_C_LANGUAGE_STANDARD = gnu11;
				GCC_NO_COMMON_BLOCKS = YES;
				GCC_WARN_64_TO_32_BIT_CONVERSION = YES;
				GCC_WARN_ABOUT_RETURN_TYPE = YES_ERROR;
				GCC_WARN_UNDECLARED_SELECTOR = YES;
				GCC_WARN_UNINITIALIZED_AUTOS = YES_AGGRESSIVE;
				GCC_WARN_UNUSED_FUNCTION = YES;
				GCC_WARN_UNUSED_VARIABLE = YES;
				IPHONEOS_DEPLOYMENT_TARGET = 12.1;
				MTL_ENABLE_DEBUG_INFO = NO;
				MTL_FAST_MATH = YES;
				SDKROOT = iphoneos;
				VALIDATE_PRODUCT = YES;
			};
			name = Release;
		};
		ECF758C721D621AF0040F6F3 /* Debug */ = {
			isa = XCBuildConfiguration;
			baseConfigurationReference = E8A7B301B441F857AF2FB3E2 /* Pods-VideoPlayer.debug.xcconfig */;
			buildSettings = {
				ASSETCATALOG_COMPILER_APPICON_NAME = AppIcon;
				CODE_SIGN_STYLE = Automatic;
				DEVELOPMENT_TEAM = JWX3NAW2HM;
				INFOPLIST_FILE = VideoPlayer/Info.plist;
				IPHONEOS_DEPLOYMENT_TARGET = 8.0;
				LD_RUNPATH_SEARCH_PATHS = (
					"$(inherited)",
					"@executable_path/Frameworks",
				);
				PRODUCT_BUNDLE_IDENTIFIER = QSC.VideoPlayer;
				PRODUCT_NAME = "$(TARGET_NAME)";
				TARGETED_DEVICE_FAMILY = "1,2";
			};
			name = Debug;
		};
		ECF758C821D621AF0040F6F3 /* Release */ = {
			isa = XCBuildConfiguration;
			baseConfigurationReference = FAF8D18C6CD29C4BC532AB7F /* Pods-VideoPlayer.release.xcconfig */;
			buildSettings = {
				ASSETCATALOG_COMPILER_APPICON_NAME = AppIcon;
				CODE_SIGN_STYLE = Automatic;
				DEVELOPMENT_TEAM = JWX3NAW2HM;
				INFOPLIST_FILE = VideoPlayer/Info.plist;
				IPHONEOS_DEPLOYMENT_TARGET = 8.0;
				LD_RUNPATH_SEARCH_PATHS = (
					"$(inherited)",
					"@executable_path/Frameworks",
				);
				PRODUCT_BUNDLE_IDENTIFIER = QSC.VideoPlayer;
				PRODUCT_NAME = "$(TARGET_NAME)";
				TARGETED_DEVICE_FAMILY = "1,2";
			};
			name = Release;
		};
		ECF758CA21D621AF0040F6F3 /* Debug */ = {
			isa = XCBuildConfiguration;
			buildSettings = {
				BUNDLE_LOADER = "$(TEST_HOST)";
				CODE_SIGN_STYLE = Automatic;
				DEVELOPMENT_TEAM = JWX3NAW2HM;
				INFOPLIST_FILE = VideoPlayerTests/Info.plist;
				LD_RUNPATH_SEARCH_PATHS = (
					"$(inherited)",
					"@executable_path/Frameworks",
					"@loader_path/Frameworks",
				);
				PRODUCT_BUNDLE_IDENTIFIER = QSC.VideoPlayerTests;
				PRODUCT_NAME = "$(TARGET_NAME)";
				TARGETED_DEVICE_FAMILY = "1,2";
				TEST_HOST = "$(BUILT_PRODUCTS_DIR)/VideoPlayer.app/VideoPlayer";
			};
			name = Debug;
		};
		ECF758CB21D621AF0040F6F3 /* Release */ = {
			isa = XCBuildConfiguration;
			buildSettings = {
				BUNDLE_LOADER = "$(TEST_HOST)";
				CODE_SIGN_STYLE = Automatic;
				DEVELOPMENT_TEAM = JWX3NAW2HM;
				INFOPLIST_FILE = VideoPlayerTests/Info.plist;
				LD_RUNPATH_SEARCH_PATHS = (
					"$(inherited)",
					"@executable_path/Frameworks",
					"@loader_path/Frameworks",
				);
				PRODUCT_BUNDLE_IDENTIFIER = QSC.VideoPlayerTests;
				PRODUCT_NAME = "$(TARGET_NAME)";
				TARGETED_DEVICE_FAMILY = "1,2";
				TEST_HOST = "$(BUILT_PRODUCTS_DIR)/VideoPlayer.app/VideoPlayer";
			};
			name = Release;
		};
		ECF758CD21D621AF0040F6F3 /* Debug */ = {
			isa = XCBuildConfiguration;
			buildSettings = {
				CODE_SIGN_STYLE = Automatic;
				DEVELOPMENT_TEAM = JWX3NAW2HM;
				INFOPLIST_FILE = VideoPlayerUITests/Info.plist;
				LD_RUNPATH_SEARCH_PATHS = (
					"$(inherited)",
					"@executable_path/Frameworks",
					"@loader_path/Frameworks",
				);
				PRODUCT_BUNDLE_IDENTIFIER = QSC.VideoPlayerUITests;
				PRODUCT_NAME = "$(TARGET_NAME)";
				TARGETED_DEVICE_FAMILY = "1,2";
				TEST_TARGET_NAME = VideoPlayer;
			};
			name = Debug;
		};
		ECF758CE21D621AF0040F6F3 /* Release */ = {
			isa = XCBuildConfiguration;
			buildSettings = {
				CODE_SIGN_STYLE = Automatic;
				DEVELOPMENT_TEAM = JWX3NAW2HM;
				INFOPLIST_FILE = VideoPlayerUITests/Info.plist;
				LD_RUNPATH_SEARCH_PATHS = (
					"$(inherited)",
					"@executable_path/Frameworks",
					"@loader_path/Frameworks",
				);
				PRODUCT_BUNDLE_IDENTIFIER = QSC.VideoPlayerUITests;
				PRODUCT_NAME = "$(TARGET_NAME)";
				TARGETED_DEVICE_FAMILY = "1,2";
				TEST_TARGET_NAME = VideoPlayer;
			};
			name = Release;
		};
/* End XCBuildConfiguration section */

/* Begin XCConfigurationList section */
		ECF7589521D621AE0040F6F3 /* Build configuration list for PBXProject "VideoPlayer" */ = {
			isa = XCConfigurationList;
			buildConfigurations = (
				ECF758C421D621AF0040F6F3 /* Debug */,
				ECF758C521D621AF0040F6F3 /* Release */,
			);
			defaultConfigurationIsVisible = 0;
			defaultConfigurationName = Release;
		};
		ECF758C621D621AF0040F6F3 /* Build configuration list for PBXNativeTarget "VideoPlayer" */ = {
			isa = XCConfigurationList;
			buildConfigurations = (
				ECF758C721D621AF0040F6F3 /* Debug */,
				ECF758C821D621AF0040F6F3 /* Release */,
			);
			defaultConfigurationIsVisible = 0;
			defaultConfigurationName = Release;
		};
		ECF758C921D621AF0040F6F3 /* Build configuration list for PBXNativeTarget "VideoPlayerTests" */ = {
			isa = XCConfigurationList;
			buildConfigurations = (
				ECF758CA21D621AF0040F6F3 /* Debug */,
				ECF758CB21D621AF0040F6F3 /* Release */,
			);
			defaultConfigurationIsVisible = 0;
			defaultConfigurationName = Release;
		};
		ECF758CC21D621AF0040F6F3 /* Build configuration list for PBXNativeTarget "VideoPlayerUITests" */ = {
			isa = XCConfigurationList;
			buildConfigurations = (
				ECF758CD21D621AF0040F6F3 /* Debug */,
				ECF758CE21D621AF0040F6F3 /* Release */,
			);
			defaultConfigurationIsVisible = 0;
			defaultConfigurationName = Release;
		};
/* End XCConfigurationList section */
	};
	rootObject = ECF7589221D621AE0040F6F3 /* Project object */;
}
